
Microsoft Visual Studio Solution File, Format Version 12.00
# Visual Studio Version 17
VisualStudioVersion = 17.5.002.0
MinimumVisualStudioVersion = 10.0.40219.1
Project("{2150E333-8FDC-42A3-9474-1A3956D46DE8}") = "sdk", "sdk", "{FCBB65F8-6302-4B56-AD14-C504FFC97B16}"
EndProject
Project("{9A19103F-16F7-4668-BE54-9A1E7A4F7556}") = "Microsoft.Build.Task.SDK", "sdk\Microsoft.Build.Task.SDK\Microsoft.Build.Task.SDK.csproj", "{70A8CB50-0501-45F5-BA03-25E37DEE173D}"
EndProject
Global
	GlobalSection(SolutionConfigurationPlatforms) = preSolution
		Debug|Any CPU = Debug|Any CPU
		Release|Any CPU = Release|Any CPU
	EndGlobalSection
	GlobalSection(ProjectConfigurationPlatforms) = postSolution
		{70A8CB50-0501-45F5-BA03-25E37DEE173D}.Debug|Any CPU.ActiveCfg = Debug|Any CPU
		{70A8CB50-0501-45F5-BA03-25E37DEE173D}.Debug|Any CPU.Build.0 = Debug|Any CPU
		{70A8CB50-0501-45F5-BA03-25E37DEE173D}.Release|Any CPU.ActiveCfg = Release|Any CPU
		{70A8CB50-0501-45F5-BA03-25E37DEE173D}.Release|Any CPU.Build.0 = Release|Any CPU
	EndGlobalSection
	GlobalSection(SolutionProperties) = preSolution
		HideSolutionNode = FALSE
	EndGlobalSection
	GlobalSection(NestedProjects) = preSolution
		{70A8CB50-0501-45F5-BA03-25E37DEE173D} = {FCBB65F8-6302-4B56-AD14-C504FFC97B16}
	EndGlobalSection
	GlobalSection(ExtensibilityGlobals) = postSolution
		SolutionGuid = {F62F83E5-671E-4434-9C39-662AC9CE36A8}
	EndGlobalSection
EndGlobal
